<?xml version="1.0" encoding="utf-8"?>
<Project ToolsVersion="4.0" xmlns="http://schemas.microsoft.com/developer/msbuild/2003">
  <ItemGroup>
    <Filter Include="Src">
      <UniqueIdentifier>{e79b9e58-3db5-4033-b5e4-cd691f445f44}</UniqueIdentifier>
    </Filter>
  </ItemGroup>
  <ItemGroup>
    <ClInclude Include="Resources.h">
      <Filter>Src</Filter>
    </ClInclude>
    <ClInclude Include="Application.h">
      <Filter>Src</Filter>
    </ClInclude>
    <ClInclude Include="System.h">
      <Filter>Src</Filter>
    </ClInclude>
  </ItemGroup>
  <ItemGroup>
    <ClCompile Include="HelloWorldWin32.cpp">
      <Filter>Src</Filter>
    </ClCompile>
    <ClCompile Include="HelloWorldGL.cpp">
      <Filter>Src</Filter>
    </ClCompile>
    <ClCompile Include="Application.cpp">
      <Filter>Src</Filter>
    </ClCompile>
    <ClCompile Include="System.cpp">
      <Filter>Src</Filter>
    </ClCompile>
  </ItemGroup>
</Project>