<?xml version="1.0" encoding="utf-8"?>
<Project ToolsVersion="4.0" xmlns="http://schemas.microsoft.com/developer/msbuild/2003">
  <ItemGroup>
    <Filter Include="Game">
      <UniqueIdentifier>{1a17e28f-86b5-47c5-aba8-04a5d2c93f90}</UniqueIdentifier>
    </Filter>
    <Filter Include="Main">
      <UniqueIdentifier>{b769c1a7-49e2-4e97-bbcb-8ae02f1ba8e9}</UniqueIdentifier>
    </Filter>
    <Filter Include="GameObject">
      <UniqueIdentifier>{5d0fe7c2-bdc2-4968-aa80-bf472fa18277}</UniqueIdentifier>
    </Filter>
  </ItemGroup>
  <ItemGroup>
    <ClInclude Include="AppDelegate.h">
      <Filter>Main</Filter>
    </ClInclude>
    <ClInclude Include="Define.h">
      <Filter>Game</Filter>
    </ClInclude>
    <ClInclude Include="Resources.h">
      <Filter>Game</Filter>
    </ClInclude>
    <ClInclude Include="TestScene.h">
      <Filter>Game</Filter>
    </ClInclude>
    <ClInclude Include="TestCustomComponent.h">
      <Filter>Game</Filter>
    </ClInclude>
  </ItemGroup>
  <ItemGroup>
    <ClCompile Include="HelloWorldWin32.cpp">
      <Filter>Main</Filter>
    </ClCompile>
    <ClCompile Include="AppDelegate.cpp">
      <Filter>Main</Filter>
    </ClCompile>
    <ClCompile Include="TestScene.cpp">
      <Filter>Game</Filter>
    </ClCompile>
    <ClCompile Include="TestCustomComponent.cpp">
      <Filter>Game</Filter>
    </ClCompile>
  </ItemGroup>
</Project>