<?xml version="1.0" encoding="utf-8"?>
<Project ToolsVersion="4.0" xmlns="http://schemas.microsoft.com/developer/msbuild/2003">
  <ItemGroup>
    <Filter Include="Message">
      <UniqueIdentifier>{e4a7da82-bf3b-4603-8256-8d753a381efc}</UniqueIdentifier>
    </Filter>
    <Filter Include="Thread">
      <UniqueIdentifier>{55a70a4a-b4ce-4e41-82a0-e6bbcffcf185}</UniqueIdentifier>
    </Filter>
    <Filter Include="Input">
      <UniqueIdentifier>{be9dba01-160f-40c2-94f8-ddfb1eef7c4c}</UniqueIdentifier>
    </Filter>
  </ItemGroup>
  <ItemGroup>
    <ClInclude Include="Thread.h">
      <Filter>Thread</Filter>
    </ClInclude>
    <ClInclude Include="Message.h">
      <Filter>Message</Filter>
    </ClInclude>
    <ClInclude Include="CorePCH.h" />
    <ClInclude Include="MessageHeader.h">
      <Filter>Message</Filter>
    </ClInclude>
    <ClInclude Include="MessageDispatcher.h">
      <Filter>Message</Filter>
    </ClInclude>
    <ClInclude Include="ThreadManager.h">
      <Filter>Thread</Filter>
    </ClInclude>
    <ClInclude Include="KeyInput.h">
      <Filter>Input</Filter>
    </ClInclude>
    <ClInclude Include="InputHeader.h">
      <Filter>Input</Filter>
    </ClInclude>
    <ClInclude Include="CoreMacros.h" />
    <ClInclude Include="ThreadHeader.h">
      <Filter>Thread</Filter>
    </ClInclude>
  </ItemGroup>
  <ItemGroup>
    <ClCompile Include="Thread.cpp">
      <Filter>Thread</Filter>
    </ClCompile>
    <ClCompile Include="Message.cpp">
      <Filter>Message</Filter>
    </ClCompile>
    <ClCompile Include="MessageDispatcher.cpp">
      <Filter>Message</Filter>
    </ClCompile>
    <ClCompile Include="ThreadManager.cpp">
      <Filter>Thread</Filter>
    </ClCompile>
    <ClCompile Include="KeyInput.cpp">
      <Filter>Input</Filter>
    </ClCompile>
  </ItemGroup>
</Project>